
Microsoft Visual Studio Solution File, Format Version 12.00
# Visual Studio Version 17
VisualStudioVersion = 17.1.32414.318
MinimumVisualStudioVersion = 10.0.40219.1
Project("{FAE04EC0-301F-11D3-BF4B-00C04F79EFBC}") = "Pong", "Pong\Pong.csproj", "{AC6EB65F-80ED-4F6A-B818-F38A7EC09F4D}"
EndProject
Global
	GlobalSection(SolutionConfigurationPlatforms) = preSolution
		Debug|Any CPU = Debug|Any CPU
		Release|Any CPU = Release|Any CPU
	EndGlobalSection
	GlobalSection(ProjectConfigurationPlatforms) = postSolution
		{AC6EB65F-80ED-4F6A-B818-F38A7EC09F4D}.Debug|Any CPU.ActiveCfg = Debug|Any CPU
		{AC6EB65F-80ED-4F6A-B818-F38A7EC09F4D}.Debug|Any CPU.Build.0 = Debug|Any CPU
		{AC6EB65F-80ED-4F6A-B818-F38A7EC09F4D}.Release|Any CPU.ActiveCfg = Release|Any CPU
		{AC6EB65F-80ED-4F6A-B818-F38A7EC09F4D}.Release|Any CPU.Build.0 = Release|Any CPU
	EndGlobalSection
	GlobalSection(SolutionProperties) = preSolution
		HideSolutionNode = FALSE
	EndGlobalSection
	GlobalSection(ExtensibilityGlobals) = postSolution
		SolutionGuid = {F0636152-DF56-46A7-B0BA-573E9AE0573B}
	EndGlobalSection
EndGlobal
